
Microsoft Visual Studio Solution File, Format Version 12.00
# Visual Studio Version 17
VisualStudioVersion = 17.7.34003.232
MinimumVisualStudioVersion = 10.0.40219.1
Project("{2150E333-8FDC-42A3-9474-1A3956D46DE8}") = "Start", "Start", "{168D428F-B5F5-47EB-890B-31E45D2EC9BC}"
EndProject
Project("{FAE04EC0-301F-11D3-BF4B-00C04F79EFBC}") = "HellowWorld", "HellowWorld\HellowWorld.csproj", "{627B7C7B-C6A9-4E2D-9D40-9F54B072A519}"
EndProject
Project("{FAE04EC0-301F-11D3-BF4B-00C04F79EFBC}") = "Acme", "Acme\Acme.csproj", "{DBA5CD21-8B9F-4A81-92C0-E878D4EF58ED}"
EndProject
Project("{FAE04EC0-301F-11D3-BF4B-00C04F79EFBC}") = "Example", "Example\Example.csproj", "{65E0AA38-F849-4DDB-A89C-C80A42BAC7E7}"
EndProject
Project("{FAE04EC0-301F-11D3-BF4B-00C04F79EFBC}") = "StackMadeExecut", "StackProject\StackMadeExecut.csproj", "{01B091E0-596E-4677-A729-F716788D3887}"
EndProject
Project("{FAE04EC0-301F-11D3-BF4B-00C04F79EFBC}") = "StackMadeDll", "StackMade\StackMadeDll.csproj", "{6EBB6144-8C6C-4527-8427-963CF3329B03}"
EndProject
Project("{2150E333-8FDC-42A3-9474-1A3956D46DE8}") = "Type", "Type", "{F79EA76A-D8B7-403C-9B64-F7542D1C1602}"
EndProject
Project("{FAE04EC0-301F-11D3-BF4B-00C04F79EFBC}") = "SimpleClass", "SimpleClass\SimpleClass.csproj", "{66CE7AE6-A0FF-4C59-9298-976B4355234B}"
EndProject
Project("{2150E333-8FDC-42A3-9474-1A3956D46DE8}") = "StandartBlock", "StandartBlock", "{195B5C24-FD77-44A3-A8A8-D92D1FB8D12B}"
EndProject
Project("{2150E333-8FDC-42A3-9474-1A3956D46DE8}") = "Intruduse", "Intruduse", "{CEB806EA-4D6D-41FA-A14C-88856AAF8DF7}"
EndProject
Project("{FAE04EC0-301F-11D3-BF4B-00C04F79EFBC}") = "StandartBlock", "StandartBlock\StandartBlock.csproj", "{4B39BCDA-69AA-477B-B115-422F83D1FF73}"
EndProject
Project("{2150E333-8FDC-42A3-9474-1A3956D46DE8}") = "MainAreas", "MainAreas", "{CECE4553-4C58-461E-A21A-E01763F0A51F}"
EndProject
Project("{FAE04EC0-301F-11D3-BF4B-00C04F79EFBC}") = "MainAreas", "MainAreas\MainAreas.csproj", "{A1C4A71F-6576-4D95-A4C6-4B26A70B144D}"
EndProject
Project("{FAE04EC0-301F-11D3-BF4B-00C04F79EFBC}") = "DelegationFunctionals", "DelegationFunctionals\DelegationFunctionals.csproj", "{B84941A0-2062-43A1-BEFD-6BBCCEC4C327}"
EndProject
Project("{FAE04EC0-301F-11D3-BF4B-00C04F79EFBC}") = "AsyncAndAwait", "AsyncAndAwait\AsyncAndAwait.csproj", "{7FA4D0B9-A12F-4A8A-8F9E-A124F485CBA4}"
EndProject
Project("{FAE04EC0-301F-11D3-BF4B-00C04F79EFBC}") = "Attributes", "Atrubut\Attributes.csproj", "{C70809AD-2619-4495-B648-93C9829244AA}"
EndProject
Project("{2150E333-8FDC-42A3-9474-1A3956D46DE8}") = "Basics", "Basics", "{A8812FC2-BB1F-4918-B99F-74159A571E02}"
EndProject
Project("{FAE04EC0-301F-11D3-BF4B-00C04F79EFBC}") = "TestClass", "TestClass\TestClass.csproj", "{5F5055F5-3F73-415F-891D-32A2ADDF122A}"
EndProject
Project("{9A19103F-16F7-4668-BE54-9A1E7A4F7556}") = "TopLevel", "TopLevel\TopLevel.csproj", "{4B5BC59E-F8FD-456E-A996-F91BF3DF697F}"
EndProject
Project("{FAE04EC0-301F-11D3-BF4B-00C04F79EFBC}") = "TipeklTYpe", "TipeklTYpe\TipeklTYpe.csproj", "{8D6E326C-3CEC-4151-B188-FB945F1A812F}"
EndProject
Project("{FAE04EC0-301F-11D3-BF4B-00C04F79EFBC}") = "NameSpaceExample", "NameSpaceExample\NameSpaceExample.csproj", "{89EAF66B-BAA7-4B6D-8F84-FA4F50849B38}"
EndProject
Project("{FAE04EC0-301F-11D3-BF4B-00C04F79EFBC}") = "ExampleClass", "ExampleClass\ExampleClass.csproj", "{2C826663-8779-48F0-86D6-326C18DC1201}"
EndProject
Project("{FAE04EC0-301F-11D3-BF4B-00C04F79EFBC}") = "InterfaceEx", "InterfaceEx\InterfaceEx.csproj", "{6CC600A4-1564-4DFC-8BC3-898E74EA4B6F}"
EndProject
Project("{FAE04EC0-301F-11D3-BF4B-00C04F79EFBC}") = "UniveralTemplates", "UniveralTemplates\UniveralTemplates.csproj", "{7CA35D23-06AD-47DC-B882-F2703510A0C3}"
EndProject
Project("{9A19103F-16F7-4668-BE54-9A1E7A4F7556}") = "UniversalGenerics", "UniversalGenerics\UniversalGenerics.csproj", "{5B920F45-BF7D-4C5F-B019-FDF5BF4F5E2B}"
EndProject
Project("{9A19103F-16F7-4668-BE54-9A1E7A4F7556}") = "AnonymousType", "AnonymousType\AnonymousType.csproj", "{AAC8057B-8D2C-495F-B994-740A89E0E747}"
EndProject
Project("{FAE04EC0-301F-11D3-BF4B-00C04F79EFBC}") = "AnonymousTypeFramew", "AnonymousTypeFramew\AnonymousTypeFramew.csproj", "{B33EC2D4-2FE8-44C1-A8DF-1FF1057DD59F}"
EndProject
Project("{2150E333-8FDC-42A3-9474-1A3956D46DE8}") = "Base", "Base", "{90DB75C5-1A70-4D43-85F3-26146DE29F3E}"
EndProject
Project("{9A19103F-16F7-4668-BE54-9A1E7A4F7556}") = "InheritanceClass", "InheritanceClass\InheritanceClass.csproj", "{46B219C2-C143-4950-AAA7-0597A996413F}"
EndProject
Project("{9A19103F-16F7-4668-BE54-9A1E7A4F7556}") = "PersonObject", "PersonObject\PersonObject.csproj", "{4F1A0203-E2DE-46F2-916D-8BEA63CF817F}"
EndProject
Project("{FAE04EC0-301F-11D3-BF4B-00C04F79EFBC}") = "PersonStructur", "PersonStructur\PersonStructur.csproj", "{AE22E1E4-1448-4893-B939-F8A178EB5201}"
EndProject
Project("{FAE04EC0-301F-11D3-BF4B-00C04F79EFBC}") = "ShapeDraw", "ShapeDraw\ShapeDraw.csproj", "{6A106E4C-E1B4-404D-AAD9-53DDC6E31FB7}"
EndProject
Project("{9A19103F-16F7-4668-BE54-9A1E7A4F7556}") = "ConsoleBaseClass", "ConsoleBaseClass\ConsoleBaseClass.csproj", "{0A9ABDAB-7CC1-441F-9DE7-215D48DA4202}"
EndProject
Project("{FAE04EC0-301F-11D3-BF4B-00C04F79EFBC}") = "ConsoleAppShablon", "ConsoleAppShablon\ConsoleAppShablon.csproj", "{08EEFC6F-EEE0-4390-885E-EFCBFE903E22}"
EndProject
Project("{9A19103F-16F7-4668-BE54-9A1E7A4F7556}") = "ConsoleAppShablonNet", "ConsoleAppShablonNet\ConsoleAppShablonNet.csproj", "{F3FF499B-6996-4FB1-967B-EAC01364CC04}"
EndProject
Project("{9A19103F-16F7-4668-BE54-9A1E7A4F7556}") = "QuerytCity", "QuerytCity\QuerytCity.csproj", "{4CE8AD85-14FF-4197-9AE0-F00FBE112296}"
EndProject
Project("{9A19103F-16F7-4668-BE54-9A1E7A4F7556}") = "PersonCortege", "PersonCortege\PersonCortege.csproj", "{954954E6-E4D8-454D-A6E0-9884427839B4}"
EndProject
Project("{9A19103F-16F7-4668-BE54-9A1E7A4F7556}") = "SwitchProvidesFormatInfo", "SwitchProvidesFormatInfo\SwitchProvidesFormatInfo.csproj", "{1475589C-9299-49A4-AEA0-63AE18CD843D}"
EndProject
Project("{9A19103F-16F7-4668-BE54-9A1E7A4F7556}") = "QueryCityDataConsole", "QueryCityDataConsole\QueryCityDataConsole.csproj", "{C31440A3-8125-4441-A17D-FE824219BF59}"
EndProject
Project("{FAE04EC0-301F-11D3-BF4B-00C04F79EFBC}") = "MethodExtend", "MethodExtend\MethodExtend.csproj", "{D4268D95-9061-4F09-B2F7-554E5F10BC26}"
EndProject
Project("{2150E333-8FDC-42A3-9474-1A3956D46DE8}") = "Exception", "Exception", "{803429D6-5EA9-4615-B744-0246FFD25899}"
EndProject
Project("{FAE04EC0-301F-11D3-BF4B-00C04F79EFBC}") = "ConsoleAppExceptionTest", "ConsoleAppExceptionTest\ConsoleAppExceptionTest.csproj", "{FD12B8BA-CF2F-4A50-9BAC-CF2B38556DF0}"
EndProject
Project("{FAE04EC0-301F-11D3-BF4B-00C04F79EFBC}") = "CreateAndGenException", "CreateAndGenException\CreateAndGenException.csproj", "{778FFB3A-E013-43FA-95F6-23AC12D1B06E}"
EndProject
Project("{FAE04EC0-301F-11D3-BF4B-00C04F79EFBC}") = "Style", "Style\Style.csproj", "{C923DC74-3348-4CB0-982F-B97DF2728539}"
EndProject
Project("{FAE04EC0-301F-11D3-BF4B-00C04F79EFBC}") = "MyStyle", "MyStyle\MyStyle.csproj", "{14FE946C-3D19-4CB6-B064-8823C50038B0}"
EndProject
Project("{2150E333-8FDC-42A3-9474-1A3956D46DE8}") = "TextBook", "TextBook", "{2A127F2B-590F-45DA-A29E-A84DE3798910}"
EndProject
Project("{FAE04EC0-301F-11D3-BF4B-00C04F79EFBC}") = "Bank", "Bank\Bank.csproj", "{4A6A8109-47BA-4880-99BC-6B4B3B7BA4F4}"
EndProject
Project("{9A19103F-16F7-4668-BE54-9A1E7A4F7556}") = "Bank8", "Bank8\Bank8.csproj", "{66727287-EE9B-46FC-A3D9-CB39BCDF896A}"
EndProject
Project("{FAE04EC0-301F-11D3-BF4B-00C04F79EFBC}") = "Inheritance", "Inheritance\Inheritance.csproj", "{C898C17F-644E-4A6F-B72E-C0EBF8E061B8}"
EndProject
Global
	GlobalSection(SolutionConfigurationPlatforms) = preSolution
		Debug|Any CPU = Debug|Any CPU
		Release|Any CPU = Release|Any CPU
	EndGlobalSection
	GlobalSection(ProjectConfigurationPlatforms) = postSolution
		{627B7C7B-C6A9-4E2D-9D40-9F54B072A519}.Debug|Any CPU.ActiveCfg = Debug|Any CPU
		{627B7C7B-C6A9-4E2D-9D40-9F54B072A519}.Debug|Any CPU.Build.0 = Debug|Any CPU
		{627B7C7B-C6A9-4E2D-9D40-9F54B072A519}.Release|Any CPU.ActiveCfg = Release|Any CPU
		{627B7C7B-C6A9-4E2D-9D40-9F54B072A519}.Release|Any CPU.Build.0 = Release|Any CPU
		{DBA5CD21-8B9F-4A81-92C0-E878D4EF58ED}.Debug|Any CPU.ActiveCfg = Debug|Any CPU
		{DBA5CD21-8B9F-4A81-92C0-E878D4EF58ED}.Debug|Any CPU.Build.0 = Debug|Any CPU
		{DBA5CD21-8B9F-4A81-92C0-E878D4EF58ED}.Release|Any CPU.ActiveCfg = Release|Any CPU
		{DBA5CD21-8B9F-4A81-92C0-E878D4EF58ED}.Release|Any CPU.Build.0 = Release|Any CPU
		{65E0AA38-F849-4DDB-A89C-C80A42BAC7E7}.Debug|Any CPU.ActiveCfg = Debug|Any CPU
		{65E0AA38-F849-4DDB-A89C-C80A42BAC7E7}.Debug|Any CPU.Build.0 = Debug|Any CPU
		{65E0AA38-F849-4DDB-A89C-C80A42BAC7E7}.Release|Any CPU.ActiveCfg = Release|Any CPU
		{65E0AA38-F849-4DDB-A89C-C80A42BAC7E7}.Release|Any CPU.Build.0 = Release|Any CPU
		{01B091E0-596E-4677-A729-F716788D3887}.Debug|Any CPU.ActiveCfg = Debug|Any CPU
		{01B091E0-596E-4677-A729-F716788D3887}.Debug|Any CPU.Build.0 = Debug|Any CPU
		{01B091E0-596E-4677-A729-F716788D3887}.Release|Any CPU.ActiveCfg = Release|Any CPU
		{01B091E0-596E-4677-A729-F716788D3887}.Release|Any CPU.Build.0 = Release|Any CPU
		{6EBB6144-8C6C-4527-8427-963CF3329B03}.Debug|Any CPU.ActiveCfg = Debug|Any CPU
		{6EBB6144-8C6C-4527-8427-963CF3329B03}.Debug|Any CPU.Build.0 = Debug|Any CPU
		{6EBB6144-8C6C-4527-8427-963CF3329B03}.Release|Any CPU.ActiveCfg = Release|Any CPU
		{6EBB6144-8C6C-4527-8427-963CF3329B03}.Release|Any CPU.Build.0 = Release|Any CPU
		{66CE7AE6-A0FF-4C59-9298-976B4355234B}.Debug|Any CPU.ActiveCfg = Debug|Any CPU
		{66CE7AE6-A0FF-4C59-9298-976B4355234B}.Debug|Any CPU.Build.0 = Debug|Any CPU
		{66CE7AE6-A0FF-4C59-9298-976B4355234B}.Release|Any CPU.ActiveCfg = Release|Any CPU
		{66CE7AE6-A0FF-4C59-9298-976B4355234B}.Release|Any CPU.Build.0 = Release|Any CPU
		{4B39BCDA-69AA-477B-B115-422F83D1FF73}.Debug|Any CPU.ActiveCfg = Debug|Any CPU
		{4B39BCDA-69AA-477B-B115-422F83D1FF73}.Debug|Any CPU.Build.0 = Debug|Any CPU
		{4B39BCDA-69AA-477B-B115-422F83D1FF73}.Release|Any CPU.ActiveCfg = Release|Any CPU
		{4B39BCDA-69AA-477B-B115-422F83D1FF73}.Release|Any CPU.Build.0 = Release|Any CPU
		{A1C4A71F-6576-4D95-A4C6-4B26A70B144D}.Debug|Any CPU.ActiveCfg = Debug|Any CPU
		{A1C4A71F-6576-4D95-A4C6-4B26A70B144D}.Debug|Any CPU.Build.0 = Debug|Any CPU
		{A1C4A71F-6576-4D95-A4C6-4B26A70B144D}.Release|Any CPU.ActiveCfg = Release|Any CPU
		{A1C4A71F-6576-4D95-A4C6-4B26A70B144D}.Release|Any CPU.Build.0 = Release|Any CPU
		{B84941A0-2062-43A1-BEFD-6BBCCEC4C327}.Debug|Any CPU.ActiveCfg = Debug|Any CPU
		{B84941A0-2062-43A1-BEFD-6BBCCEC4C327}.Debug|Any CPU.Build.0 = Debug|Any CPU
		{B84941A0-2062-43A1-BEFD-6BBCCEC4C327}.Release|Any CPU.ActiveCfg = Release|Any CPU
		{B84941A0-2062-43A1-BEFD-6BBCCEC4C327}.Release|Any CPU.Build.0 = Release|Any CPU
		{7FA4D0B9-A12F-4A8A-8F9E-A124F485CBA4}.Debug|Any CPU.ActiveCfg = Debug|Any CPU
		{7FA4D0B9-A12F-4A8A-8F9E-A124F485CBA4}.Debug|Any CPU.Build.0 = Debug|Any CPU
		{7FA4D0B9-A12F-4A8A-8F9E-A124F485CBA4}.Release|Any CPU.ActiveCfg = Release|Any CPU
		{7FA4D0B9-A12F-4A8A-8F9E-A124F485CBA4}.Release|Any CPU.Build.0 = Release|Any CPU
		{C70809AD-2619-4495-B648-93C9829244AA}.Debug|Any CPU.ActiveCfg = Debug|Any CPU
		{C70809AD-2619-4495-B648-93C9829244AA}.Debug|Any CPU.Build.0 = Debug|Any CPU
		{C70809AD-2619-4495-B648-93C9829244AA}.Release|Any CPU.ActiveCfg = Release|Any CPU
		{C70809AD-2619-4495-B648-93C9829244AA}.Release|Any CPU.Build.0 = Release|Any CPU
		{5F5055F5-3F73-415F-891D-32A2ADDF122A}.Debug|Any CPU.ActiveCfg = Debug|Any CPU
		{5F5055F5-3F73-415F-891D-32A2ADDF122A}.Debug|Any CPU.Build.0 = Debug|Any CPU
		{5F5055F5-3F73-415F-891D-32A2ADDF122A}.Release|Any CPU.ActiveCfg = Release|Any CPU
		{5F5055F5-3F73-415F-891D-32A2ADDF122A}.Release|Any CPU.Build.0 = Release|Any CPU
		{4B5BC59E-F8FD-456E-A996-F91BF3DF697F}.Debug|Any CPU.ActiveCfg = Debug|Any CPU
		{4B5BC59E-F8FD-456E-A996-F91BF3DF697F}.Debug|Any CPU.Build.0 = Debug|Any CPU
		{4B5BC59E-F8FD-456E-A996-F91BF3DF697F}.Release|Any CPU.ActiveCfg = Release|Any CPU
		{4B5BC59E-F8FD-456E-A996-F91BF3DF697F}.Release|Any CPU.Build.0 = Release|Any CPU
		{8D6E326C-3CEC-4151-B188-FB945F1A812F}.Debug|Any CPU.ActiveCfg = Debug|Any CPU
		{8D6E326C-3CEC-4151-B188-FB945F1A812F}.Debug|Any CPU.Build.0 = Debug|Any CPU
		{8D6E326C-3CEC-4151-B188-FB945F1A812F}.Release|Any CPU.ActiveCfg = Release|Any CPU
		{8D6E326C-3CEC-4151-B188-FB945F1A812F}.Release|Any CPU.Build.0 = Release|Any CPU
		{89EAF66B-BAA7-4B6D-8F84-FA4F50849B38}.Debug|Any CPU.ActiveCfg = Debug|Any CPU
		{89EAF66B-BAA7-4B6D-8F84-FA4F50849B38}.Debug|Any CPU.Build.0 = Debug|Any CPU
		{89EAF66B-BAA7-4B6D-8F84-FA4F50849B38}.Release|Any CPU.ActiveCfg = Release|Any CPU
		{89EAF66B-BAA7-4B6D-8F84-FA4F50849B38}.Release|Any CPU.Build.0 = Release|Any CPU
		{2C826663-8779-48F0-86D6-326C18DC1201}.Debug|Any CPU.ActiveCfg = Debug|Any CPU
		{2C826663-8779-48F0-86D6-326C18DC1201}.Debug|Any CPU.Build.0 = Debug|Any CPU
		{2C826663-8779-48F0-86D6-326C18DC1201}.Release|Any CPU.ActiveCfg = Release|Any CPU
		{2C826663-8779-48F0-86D6-326C18DC1201}.Release|Any CPU.Build.0 = Release|Any CPU
		{6CC600A4-1564-4DFC-8BC3-898E74EA4B6F}.Debug|Any CPU.ActiveCfg = Debug|Any CPU
		{6CC600A4-1564-4DFC-8BC3-898E74EA4B6F}.Debug|Any CPU.Build.0 = Debug|Any CPU
		{6CC600A4-1564-4DFC-8BC3-898E74EA4B6F}.Release|Any CPU.ActiveCfg = Release|Any CPU
		{6CC600A4-1564-4DFC-8BC3-898E74EA4B6F}.Release|Any CPU.Build.0 = Release|Any CPU
		{7CA35D23-06AD-47DC-B882-F2703510A0C3}.Debug|Any CPU.ActiveCfg = Debug|Any CPU
		{7CA35D23-06AD-47DC-B882-F2703510A0C3}.Debug|Any CPU.Build.0 = Debug|Any CPU
		{7CA35D23-06AD-47DC-B882-F2703510A0C3}.Release|Any CPU.ActiveCfg = Release|Any CPU
		{7CA35D23-06AD-47DC-B882-F2703510A0C3}.Release|Any CPU.Build.0 = Release|Any CPU
		{5B920F45-BF7D-4C5F-B019-FDF5BF4F5E2B}.Debug|Any CPU.ActiveCfg = Debug|Any CPU
		{5B920F45-BF7D-4C5F-B019-FDF5BF4F5E2B}.Debug|Any CPU.Build.0 = Debug|Any CPU
		{5B920F45-BF7D-4C5F-B019-FDF5BF4F5E2B}.Release|Any CPU.ActiveCfg = Release|Any CPU
		{5B920F45-BF7D-4C5F-B019-FDF5BF4F5E2B}.Release|Any CPU.Build.0 = Release|Any CPU
		{AAC8057B-8D2C-495F-B994-740A89E0E747}.Debug|Any CPU.ActiveCfg = Debug|Any CPU
		{AAC8057B-8D2C-495F-B994-740A89E0E747}.Debug|Any CPU.Build.0 = Debug|Any CPU
		{AAC8057B-8D2C-495F-B994-740A89E0E747}.Release|Any CPU.ActiveCfg = Release|Any CPU
		{AAC8057B-8D2C-495F-B994-740A89E0E747}.Release|Any CPU.Build.0 = Release|Any CPU
		{B33EC2D4-2FE8-44C1-A8DF-1FF1057DD59F}.Debug|Any CPU.ActiveCfg = Debug|Any CPU
		{B33EC2D4-2FE8-44C1-A8DF-1FF1057DD59F}.Debug|Any CPU.Build.0 = Debug|Any CPU
		{B33EC2D4-2FE8-44C1-A8DF-1FF1057DD59F}.Release|Any CPU.ActiveCfg = Release|Any CPU
		{B33EC2D4-2FE8-44C1-A8DF-1FF1057DD59F}.Release|Any CPU.Build.0 = Release|Any CPU
		{46B219C2-C143-4950-AAA7-0597A996413F}.Debug|Any CPU.ActiveCfg = Debug|Any CPU
		{46B219C2-C143-4950-AAA7-0597A996413F}.Debug|Any CPU.Build.0 = Debug|Any CPU
		{46B219C2-C143-4950-AAA7-0597A996413F}.Release|Any CPU.ActiveCfg = Release|Any CPU
		{46B219C2-C143-4950-AAA7-0597A996413F}.Release|Any CPU.Build.0 = Release|Any CPU
		{4F1A0203-E2DE-46F2-916D-8BEA63CF817F}.Debug|Any CPU.ActiveCfg = Debug|Any CPU
		{4F1A0203-E2DE-46F2-916D-8BEA63CF817F}.Debug|Any CPU.Build.0 = Debug|Any CPU
		{4F1A0203-E2DE-46F2-916D-8BEA63CF817F}.Release|Any CPU.ActiveCfg = Release|Any CPU
		{4F1A0203-E2DE-46F2-916D-8BEA63CF817F}.Release|Any CPU.Build.0 = Release|Any CPU
		{AE22E1E4-1448-4893-B939-F8A178EB5201}.Debug|Any CPU.ActiveCfg = Debug|Any CPU
		{AE22E1E4-1448-4893-B939-F8A178EB5201}.Debug|Any CPU.Build.0 = Debug|Any CPU
		{AE22E1E4-1448-4893-B939-F8A178EB5201}.Release|Any CPU.ActiveCfg = Release|Any CPU
		{AE22E1E4-1448-4893-B939-F8A178EB5201}.Release|Any CPU.Build.0 = Release|Any CPU
		{6A106E4C-E1B4-404D-AAD9-53DDC6E31FB7}.Debug|Any CPU.ActiveCfg = Debug|Any CPU
		{6A106E4C-E1B4-404D-AAD9-53DDC6E31FB7}.Debug|Any CPU.Build.0 = Debug|Any CPU
		{6A106E4C-E1B4-404D-AAD9-53DDC6E31FB7}.Release|Any CPU.ActiveCfg = Release|Any CPU
		{6A106E4C-E1B4-404D-AAD9-53DDC6E31FB7}.Release|Any CPU.Build.0 = Release|Any CPU
		{0A9ABDAB-7CC1-441F-9DE7-215D48DA4202}.Debug|Any CPU.ActiveCfg = Debug|Any CPU
		{0A9ABDAB-7CC1-441F-9DE7-215D48DA4202}.Debug|Any CPU.Build.0 = Debug|Any CPU
		{0A9ABDAB-7CC1-441F-9DE7-215D48DA4202}.Release|Any CPU.ActiveCfg = Release|Any CPU
		{0A9ABDAB-7CC1-441F-9DE7-215D48DA4202}.Release|Any CPU.Build.0 = Release|Any CPU
		{08EEFC6F-EEE0-4390-885E-EFCBFE903E22}.Debug|Any CPU.ActiveCfg = Debug|Any CPU
		{08EEFC6F-EEE0-4390-885E-EFCBFE903E22}.Debug|Any CPU.Build.0 = Debug|Any CPU
		{08EEFC6F-EEE0-4390-885E-EFCBFE903E22}.Release|Any CPU.ActiveCfg = Release|Any CPU
		{08EEFC6F-EEE0-4390-885E-EFCBFE903E22}.Release|Any CPU.Build.0 = Release|Any CPU
		{F3FF499B-6996-4FB1-967B-EAC01364CC04}.Debug|Any CPU.ActiveCfg = Debug|Any CPU
		{F3FF499B-6996-4FB1-967B-EAC01364CC04}.Debug|Any CPU.Build.0 = Debug|Any CPU
		{F3FF499B-6996-4FB1-967B-EAC01364CC04}.Release|Any CPU.ActiveCfg = Release|Any CPU
		{F3FF499B-6996-4FB1-967B-EAC01364CC04}.Release|Any CPU.Build.0 = Release|Any CPU
		{4CE8AD85-14FF-4197-9AE0-F00FBE112296}.Debug|Any CPU.ActiveCfg = Debug|Any CPU
		{4CE8AD85-14FF-4197-9AE0-F00FBE112296}.Debug|Any CPU.Build.0 = Debug|Any CPU
		{4CE8AD85-14FF-4197-9AE0-F00FBE112296}.Release|Any CPU.ActiveCfg = Release|Any CPU
		{4CE8AD85-14FF-4197-9AE0-F00FBE112296}.Release|Any CPU.Build.0 = Release|Any CPU
		{954954E6-E4D8-454D-A6E0-9884427839B4}.Debug|Any CPU.ActiveCfg = Debug|Any CPU
		{954954E6-E4D8-454D-A6E0-9884427839B4}.Debug|Any CPU.Build.0 = Debug|Any CPU
		{954954E6-E4D8-454D-A6E0-9884427839B4}.Release|Any CPU.ActiveCfg = Release|Any CPU
		{954954E6-E4D8-454D-A6E0-9884427839B4}.Release|Any CPU.Build.0 = Release|Any CPU
		{1475589C-9299-49A4-AEA0-63AE18CD843D}.Debug|Any CPU.ActiveCfg = Debug|Any CPU
		{1475589C-9299-49A4-AEA0-63AE18CD843D}.Debug|Any CPU.Build.0 = Debug|Any CPU
		{1475589C-9299-49A4-AEA0-63AE18CD843D}.Release|Any CPU.ActiveCfg = Release|Any CPU
		{1475589C-9299-49A4-AEA0-63AE18CD843D}.Release|Any CPU.Build.0 = Release|Any CPU
		{C31440A3-8125-4441-A17D-FE824219BF59}.Debug|Any CPU.ActiveCfg = Debug|Any CPU
		{C31440A3-8125-4441-A17D-FE824219BF59}.Debug|Any CPU.Build.0 = Debug|Any CPU
		{C31440A3-8125-4441-A17D-FE824219BF59}.Release|Any CPU.ActiveCfg = Release|Any CPU
		{C31440A3-8125-4441-A17D-FE824219BF59}.Release|Any CPU.Build.0 = Release|Any CPU
		{D4268D95-9061-4F09-B2F7-554E5F10BC26}.Debug|Any CPU.ActiveCfg = Debug|Any CPU
		{D4268D95-9061-4F09-B2F7-554E5F10BC26}.Debug|Any CPU.Build.0 = Debug|Any CPU
		{D4268D95-9061-4F09-B2F7-554E5F10BC26}.Release|Any CPU.ActiveCfg = Release|Any CPU
		{D4268D95-9061-4F09-B2F7-554E5F10BC26}.Release|Any CPU.Build.0 = Release|Any CPU
		{FD12B8BA-CF2F-4A50-9BAC-CF2B38556DF0}.Debug|Any CPU.ActiveCfg = Debug|Any CPU
		{FD12B8BA-CF2F-4A50-9BAC-CF2B38556DF0}.Debug|Any CPU.Build.0 = Debug|Any CPU
		{FD12B8BA-CF2F-4A50-9BAC-CF2B38556DF0}.Release|Any CPU.ActiveCfg = Release|Any CPU
		{FD12B8BA-CF2F-4A50-9BAC-CF2B38556DF0}.Release|Any CPU.Build.0 = Release|Any CPU
		{778FFB3A-E013-43FA-95F6-23AC12D1B06E}.Debug|Any CPU.ActiveCfg = Debug|Any CPU
		{778FFB3A-E013-43FA-95F6-23AC12D1B06E}.Debug|Any CPU.Build.0 = Debug|Any CPU
		{778FFB3A-E013-43FA-95F6-23AC12D1B06E}.Release|Any CPU.ActiveCfg = Release|Any CPU
		{778FFB3A-E013-43FA-95F6-23AC12D1B06E}.Release|Any CPU.Build.0 = Release|Any CPU
		{C923DC74-3348-4CB0-982F-B97DF2728539}.Debug|Any CPU.ActiveCfg = Debug|Any CPU
		{C923DC74-3348-4CB0-982F-B97DF2728539}.Debug|Any CPU.Build.0 = Debug|Any CPU
		{C923DC74-3348-4CB0-982F-B97DF2728539}.Release|Any CPU.ActiveCfg = Release|Any CPU
		{C923DC74-3348-4CB0-982F-B97DF2728539}.Release|Any CPU.Build.0 = Release|Any CPU
		{14FE946C-3D19-4CB6-B064-8823C50038B0}.Debug|Any CPU.ActiveCfg = Debug|Any CPU
		{14FE946C-3D19-4CB6-B064-8823C50038B0}.Debug|Any CPU.Build.0 = Debug|Any CPU
		{14FE946C-3D19-4CB6-B064-8823C50038B0}.Release|Any CPU.ActiveCfg = Release|Any CPU
		{14FE946C-3D19-4CB6-B064-8823C50038B0}.Release|Any CPU.Build.0 = Release|Any CPU
		{4A6A8109-47BA-4880-99BC-6B4B3B7BA4F4}.Debug|Any CPU.ActiveCfg = Debug|Any CPU
		{4A6A8109-47BA-4880-99BC-6B4B3B7BA4F4}.Debug|Any CPU.Build.0 = Debug|Any CPU
		{4A6A8109-47BA-4880-99BC-6B4B3B7BA4F4}.Release|Any CPU.ActiveCfg = Release|Any CPU
		{4A6A8109-47BA-4880-99BC-6B4B3B7BA4F4}.Release|Any CPU.Build.0 = Release|Any CPU
		{66727287-EE9B-46FC-A3D9-CB39BCDF896A}.Debug|Any CPU.ActiveCfg = Debug|Any CPU
		{66727287-EE9B-46FC-A3D9-CB39BCDF896A}.Debug|Any CPU.Build.0 = Debug|Any CPU
		{66727287-EE9B-46FC-A3D9-CB39BCDF896A}.Release|Any CPU.ActiveCfg = Release|Any CPU
		{66727287-EE9B-46FC-A3D9-CB39BCDF896A}.Release|Any CPU.Build.0 = Release|Any CPU
		{C898C17F-644E-4A6F-B72E-C0EBF8E061B8}.Debug|Any CPU.ActiveCfg = Debug|Any CPU
		{C898C17F-644E-4A6F-B72E-C0EBF8E061B8}.Debug|Any CPU.Build.0 = Debug|Any CPU
		{C898C17F-644E-4A6F-B72E-C0EBF8E061B8}.Release|Any CPU.ActiveCfg = Release|Any CPU
		{C898C17F-644E-4A6F-B72E-C0EBF8E061B8}.Release|Any CPU.Build.0 = Release|Any CPU
	EndGlobalSection
	GlobalSection(SolutionProperties) = preSolution
		HideSolutionNode = FALSE
	EndGlobalSection
	GlobalSection(NestedProjects) = preSolution
		{627B7C7B-C6A9-4E2D-9D40-9F54B072A519} = {CEB806EA-4D6D-41FA-A14C-88856AAF8DF7}
		{DBA5CD21-8B9F-4A81-92C0-E878D4EF58ED} = {CEB806EA-4D6D-41FA-A14C-88856AAF8DF7}
		{65E0AA38-F849-4DDB-A89C-C80A42BAC7E7} = {CEB806EA-4D6D-41FA-A14C-88856AAF8DF7}
		{01B091E0-596E-4677-A729-F716788D3887} = {CEB806EA-4D6D-41FA-A14C-88856AAF8DF7}
		{6EBB6144-8C6C-4527-8427-963CF3329B03} = {CEB806EA-4D6D-41FA-A14C-88856AAF8DF7}
		{F79EA76A-D8B7-403C-9B64-F7542D1C1602} = {168D428F-B5F5-47EB-890B-31E45D2EC9BC}
		{66CE7AE6-A0FF-4C59-9298-976B4355234B} = {F79EA76A-D8B7-403C-9B64-F7542D1C1602}
		{195B5C24-FD77-44A3-A8A8-D92D1FB8D12B} = {168D428F-B5F5-47EB-890B-31E45D2EC9BC}
		{CEB806EA-4D6D-41FA-A14C-88856AAF8DF7} = {168D428F-B5F5-47EB-890B-31E45D2EC9BC}
		{4B39BCDA-69AA-477B-B115-422F83D1FF73} = {195B5C24-FD77-44A3-A8A8-D92D1FB8D12B}
		{CECE4553-4C58-461E-A21A-E01763F0A51F} = {168D428F-B5F5-47EB-890B-31E45D2EC9BC}
		{A1C4A71F-6576-4D95-A4C6-4B26A70B144D} = {CECE4553-4C58-461E-A21A-E01763F0A51F}
		{B84941A0-2062-43A1-BEFD-6BBCCEC4C327} = {CECE4553-4C58-461E-A21A-E01763F0A51F}
		{7FA4D0B9-A12F-4A8A-8F9E-A124F485CBA4} = {CECE4553-4C58-461E-A21A-E01763F0A51F}
		{C70809AD-2619-4495-B648-93C9829244AA} = {CECE4553-4C58-461E-A21A-E01763F0A51F}
		{5F5055F5-3F73-415F-891D-32A2ADDF122A} = {A8812FC2-BB1F-4918-B99F-74159A571E02}
		{4B5BC59E-F8FD-456E-A996-F91BF3DF697F} = {A8812FC2-BB1F-4918-B99F-74159A571E02}
		{8D6E326C-3CEC-4151-B188-FB945F1A812F} = {A8812FC2-BB1F-4918-B99F-74159A571E02}
		{89EAF66B-BAA7-4B6D-8F84-FA4F50849B38} = {A8812FC2-BB1F-4918-B99F-74159A571E02}
		{2C826663-8779-48F0-86D6-326C18DC1201} = {A8812FC2-BB1F-4918-B99F-74159A571E02}
		{6CC600A4-1564-4DFC-8BC3-898E74EA4B6F} = {A8812FC2-BB1F-4918-B99F-74159A571E02}
		{7CA35D23-06AD-47DC-B882-F2703510A0C3} = {A8812FC2-BB1F-4918-B99F-74159A571E02}
		{5B920F45-BF7D-4C5F-B019-FDF5BF4F5E2B} = {A8812FC2-BB1F-4918-B99F-74159A571E02}
		{AAC8057B-8D2C-495F-B994-740A89E0E747} = {A8812FC2-BB1F-4918-B99F-74159A571E02}
		{B33EC2D4-2FE8-44C1-A8DF-1FF1057DD59F} = {A8812FC2-BB1F-4918-B99F-74159A571E02}
		{46B219C2-C143-4950-AAA7-0597A996413F} = {A8812FC2-BB1F-4918-B99F-74159A571E02}
		{4F1A0203-E2DE-46F2-916D-8BEA63CF817F} = {90DB75C5-1A70-4D43-85F3-26146DE29F3E}
		{AE22E1E4-1448-4893-B939-F8A178EB5201} = {90DB75C5-1A70-4D43-85F3-26146DE29F3E}
		{6A106E4C-E1B4-404D-AAD9-53DDC6E31FB7} = {90DB75C5-1A70-4D43-85F3-26146DE29F3E}
		{0A9ABDAB-7CC1-441F-9DE7-215D48DA4202} = {90DB75C5-1A70-4D43-85F3-26146DE29F3E}
		{08EEFC6F-EEE0-4390-885E-EFCBFE903E22} = {90DB75C5-1A70-4D43-85F3-26146DE29F3E}
		{F3FF499B-6996-4FB1-967B-EAC01364CC04} = {90DB75C5-1A70-4D43-85F3-26146DE29F3E}
		{4CE8AD85-14FF-4197-9AE0-F00FBE112296} = {90DB75C5-1A70-4D43-85F3-26146DE29F3E}
		{954954E6-E4D8-454D-A6E0-9884427839B4} = {90DB75C5-1A70-4D43-85F3-26146DE29F3E}
		{1475589C-9299-49A4-AEA0-63AE18CD843D} = {90DB75C5-1A70-4D43-85F3-26146DE29F3E}
		{C31440A3-8125-4441-A17D-FE824219BF59} = {90DB75C5-1A70-4D43-85F3-26146DE29F3E}
		{D4268D95-9061-4F09-B2F7-554E5F10BC26} = {90DB75C5-1A70-4D43-85F3-26146DE29F3E}
		{803429D6-5EA9-4615-B744-0246FFD25899} = {90DB75C5-1A70-4D43-85F3-26146DE29F3E}
		{FD12B8BA-CF2F-4A50-9BAC-CF2B38556DF0} = {803429D6-5EA9-4615-B744-0246FFD25899}
		{778FFB3A-E013-43FA-95F6-23AC12D1B06E} = {803429D6-5EA9-4615-B744-0246FFD25899}
		{C923DC74-3348-4CB0-982F-B97DF2728539} = {803429D6-5EA9-4615-B744-0246FFD25899}
		{14FE946C-3D19-4CB6-B064-8823C50038B0} = {803429D6-5EA9-4615-B744-0246FFD25899}
		{2A127F2B-590F-45DA-A29E-A84DE3798910} = {90DB75C5-1A70-4D43-85F3-26146DE29F3E}
		{4A6A8109-47BA-4880-99BC-6B4B3B7BA4F4} = {2A127F2B-590F-45DA-A29E-A84DE3798910}
		{66727287-EE9B-46FC-A3D9-CB39BCDF896A} = {2A127F2B-590F-45DA-A29E-A84DE3798910}
		{C898C17F-644E-4A6F-B72E-C0EBF8E061B8} = {2A127F2B-590F-45DA-A29E-A84DE3798910}
	EndGlobalSection
	GlobalSection(ExtensibilityGlobals) = postSolution
		SolutionGuid = {B45E42B4-040B-4337-9C4B-4948099339AF}
	EndGlobalSection
EndGlobal
